
Microsoft Visual Studio Solution File, Format Version 12.00
# Visual Studio Version 16
VisualStudioVersion = 16.0.30621.155
MinimumVisualStudioVersion = 10.0.40219.1
Project("{8BC9CEB8-8B4A-11D0-8D11-00A0C91BC942}") = "Pet Shop", "Pet Shop\Pet Shop.vcxproj", "{30D7381C-9684-4FD5-A6A7-9659A27FA898}"
EndProject
Global
	GlobalSection(SolutionConfigurationPlatforms) = preSolution
		Debug|x64 = Debug|x64
		Debug|x86 = Debug|x86
		Release|x64 = Release|x64
		Release|x86 = Release|x86
	EndGlobalSection
	GlobalSection(ProjectConfigurationPlatforms) = postSolution
		{30D7381C-9684-4FD5-A6A7-9659A27FA898}.Debug|x64.ActiveCfg = Debug|x64
		{30D7381C-9684-4FD5-A6A7-9659A27FA898}.Debug|x64.Build.0 = Debug|x64
		{30D7381C-9684-4FD5-A6A7-9659A27FA898}.Debug|x86.ActiveCfg = Debug|Win32
		{30D7381C-9684-4FD5-A6A7-9659A27FA898}.Debug|x86.Build.0 = Debug|Win32
		{30D7381C-9684-4FD5-A6A7-9659A27FA898}.Release|x64.ActiveCfg = Release|x64
		{30D7381C-9684-4FD5-A6A7-9659A27FA898}.Release|x64.Build.0 = Release|x64
		{30D7381C-9684-4FD5-A6A7-9659A27FA898}.Release|x86.ActiveCfg = Release|Win32
		{30D7381C-9684-4FD5-A6A7-9659A27FA898}.Release|x86.Build.0 = Release|Win32
	EndGlobalSection
	GlobalSection(SolutionProperties) = preSolution
		HideSolutionNode = FALSE
	EndGlobalSection
	GlobalSection(ExtensibilityGlobals) = postSolution
		SolutionGuid = {CE60257D-F941-4B7F-9F29-BCA0E0F9DC10}
	EndGlobalSection
EndGlobal
